
Microsoft Visual Studio Solution File, Format Version 12.00
# Visual Studio Version 16
VisualStudioVersion = 25.0.1703.0
MinimumVisualStudioVersion = 10.0.40219.1
Project("{FAE04EC0-301F-11D3-BF4B-00C04F79EFBC}") = "ContosCrafts.Website", "ContosCrafts.Website\ContosCrafts.Website.csproj", "{482CF548-7729-4DDC-8063-F5D3FEF98FDF}"
EndProject
Global
	GlobalSection(SolutionConfigurationPlatforms) = preSolution
		Debug|Any CPU = Debug|Any CPU
		Release|Any CPU = Release|Any CPU
	EndGlobalSection
	GlobalSection(ProjectConfigurationPlatforms) = postSolution
		{482CF548-7729-4DDC-8063-F5D3FEF98FDF}.Debug|Any CPU.ActiveCfg = Debug|Any CPU
		{482CF548-7729-4DDC-8063-F5D3FEF98FDF}.Debug|Any CPU.Build.0 = Debug|Any CPU
		{482CF548-7729-4DDC-8063-F5D3FEF98FDF}.Release|Any CPU.ActiveCfg = Release|Any CPU
		{482CF548-7729-4DDC-8063-F5D3FEF98FDF}.Release|Any CPU.Build.0 = Release|Any CPU
	EndGlobalSection
	GlobalSection(SolutionProperties) = preSolution
		HideSolutionNode = FALSE
	EndGlobalSection
	GlobalSection(ExtensibilityGlobals) = postSolution
		SolutionGuid = {37CE0194-9F94-4643-994C-15808ED61D9C}
	EndGlobalSection
EndGlobal
